// !$*UTF8*$!
{
	archiveVersion = 1;
	classes = {
	};
	objectVersion = 46;
	objects = {

/* Begin PBXBuildFile section */
		3B1468521DD40B5100553E95 /* BaseViewController.m in Sources */ = {isa = PBXBuildFile; fileRef = 3B1468511DD40B5100553E95 /* BaseViewController.m */; };
		3B1468551DD4153F00553E95 /* ListItemTableViewCell.m in Sources */ = {isa = PBXBuildFile; fileRef = 3B1468541DD4153F00553E95 /* ListItemTableViewCell.m */; };
		3B19B2E91DBA0B6E00881AE7 /* BusTableViewController.m in Sources */ = {isa = PBXBuildFile; fileRef = 3B19B2E81DBA0B6E00881AE7 /* BusTableViewController.m */; };
		3B19B2EC1DBA0B7D00881AE7 /* TrainTableViewController.m in Sources */ = {isa = PBXBuildFile; fileRef = 3B19B2EB1DBA0B7D00881AE7 /* TrainTableViewController.m */; };
		3B19B2EF1DBA0B9300881AE7 /* FlightTableViewController.m in Sources */ = {isa = PBXBuildFile; fileRef = 3B19B2EE1DBA0B9300881AE7 /* FlightTableViewController.m */; };
		3B29DF0B1DAC8523004CC517 /* APIManager.m in Sources */ = {isa = PBXBuildFile; fileRef = 3B29DF0A1DAC8523004CC517 /* APIManager.m */; };
		3B42427F1DAE0527008382B7 /* YSLScrollMenuView.m in Sources */ = {isa = PBXBuildFile; fileRef = 3B42427D1DAE0527008382B7 /* YSLScrollMenuView.m */; };
		3B4242831DAE05B2008382B7 /* GContainerViewController.m in Sources */ = {isa = PBXBuildFile; fileRef = 3B4242821DAE05B2008382B7 /* GContainerViewController.m */; };
		3BB1C9751D9D0E7300970966 /* main.m in Sources */ = {isa = PBXBuildFile; fileRef = 3BB1C9741D9D0E7300970966 /* main.m */; };
		3BB1C9781D9D0E7300970966 /* AppDelegate.m in Sources */ = {isa = PBXBuildFile; fileRef = 3BB1C9771D9D0E7300970966 /* AppDelegate.m */; };
		3BB1C97B1D9D0E7300970966 /* ViewController.m in Sources */ = {isa = PBXBuildFile; fileRef = 3BB1C97A1D9D0E7300970966 /* ViewController.m */; };
		3BB1C97E1D9D0E7300970966 /* Main.storyboard in Resources */ = {isa = PBXBuildFile; fileRef = 3BB1C97C1D9D0E7300970966 /* Main.storyboard */; };
		3BB1C9811D9D0E7300970966 /* goeuro.xcdatamodeld in Sources */ = {isa = PBXBuildFile; fileRef = 3BB1C97F1D9D0E7300970966 /* goeuro.xcdatamodeld */; };
		3BB1C9831D9D0E7300970966 /* Assets.xcassets in Resources */ = {isa = PBXBuildFile; fileRef = 3BB1C9821D9D0E7300970966 /* Assets.xcassets */; };
		3BB1C9861D9D0E7300970966 /* LaunchScreen.storyboard in Resources */ = {isa = PBXBuildFile; fileRef = 3BB1C9841D9D0E7300970966 /* LaunchScreen.storyboard */; };
		3BB1C9911D9D0E7300970966 /* goeuroTests.m in Sources */ = {isa = PBXBuildFile; fileRef = 3BB1C9901D9D0E7300970966 /* goeuroTests.m */; };
		3BB1C99C1D9D0E7300970966 /* goeuroUITests.m in Sources */ = {isa = PBXBuildFile; fileRef = 3BB1C99B1D9D0E7300970966 /* goeuroUITests.m */; };
		3BCDEFD81DACB19B00F37CE7 /* SystemConfiguration.framework in Frameworks */ = {isa = PBXBuildFile; fileRef = 3BCDEFD71DACB19B00F37CE7 /* SystemConfiguration.framework */; };
		3BCDEFDA1DACB1A000F37CE7 /* MobileCoreServices.framework in Frameworks */ = {isa = PBXBuildFile; fileRef = 3BCDEFD91DACB1A000F37CE7 /* MobileCoreServices.framework */; };
		3BCDEFDF1DACB44000F37CE7 /* Constant.m in Sources */ = {isa = PBXBuildFile; fileRef = 3BCDEFDE1DACB44000F37CE7 /* Constant.m */; };
		71946A621DD5DFE60072FCA7 /* Route+CoreDataClass.m in Sources */ = {isa = PBXBuildFile; fileRef = 71946A5F1DD5DFE60072FCA7 /* Route+CoreDataClass.m */; };
		71946A631DD5DFE60072FCA7 /* Route+CoreDataProperties.m in Sources */ = {isa = PBXBuildFile; fileRef = 71946A611DD5DFE60072FCA7 /* Route+CoreDataProperties.m */; };
		71946A661DD5F37D0072FCA7 /* DemoManager.m in Sources */ = {isa = PBXBuildFile; fileRef = 71946A651DD5F37D0072FCA7 /* DemoManager.m */; };
		71946A6A1DD5FCFB0072FCA7 /* Trip.m in Sources */ = {isa = PBXBuildFile; fileRef = 71946A691DD5FCFB0072FCA7 /* Trip.m */; };
		71946A6D1DD61B1F0072FCA7 /* AutoCoding.m in Sources */ = {isa = PBXBuildFile; fileRef = 71946A6C1DD61B1F0072FCA7 /* AutoCoding.m */; };
		918791040B46788FAE9F32D2 /* libPods-goeuro.a in Frameworks */ = {isa = PBXBuildFile; fileRef = 20FD11A954EBEDDD703766F9 /* libPods-goeuro.a */; };
/* End PBXBuildFile section */

/* Begin PBXContainerItemProxy section */
		3BB1C98D1D9D0E7300970966 /* PBXContainerItemProxy */ = {
			isa = PBXContainerItemProxy;
			containerPortal = 3BB1C9681D9D0E7200970966 /* Project object */;
			proxyType = 1;
			remoteGlobalIDString = 3BB1C96F1D9D0E7200970966;
			remoteInfo = goeuro;
		};
		3BB1C9981D9D0E7300970966 /* PBXContainerItemProxy */ = {
			isa = PBXContainerItemProxy;
			containerPortal = 3BB1C9681D9D0E7200970966 /* Project object */;
			proxyType = 1;
			remoteGlobalIDString = 3BB1C96F1D9D0E7200970966;
			remoteInfo = goeuro;
		};
/* End PBXContainerItemProxy section */

/* Begin PBXFileReference section */
		03BCBF1191432F690E3ED145 /* Pods-goeuro.debug.xcconfig */ = {isa = PBXFileReference; includeInIndex = 1; lastKnownFileType = text.xcconfig; name = "Pods-goeuro.debug.xcconfig"; path = "Pods/Target Support Files/Pods-goeuro/Pods-goeuro.debug.xcconfig"; sourceTree = "<group>"; };
		20FD11A954EBEDDD703766F9 /* libPods-goeuro.a */ = {isa = PBXFileReference; explicitFileType = archive.ar; includeInIndex = 0; path = "libPods-goeuro.a"; sourceTree = BUILT_PRODUCTS_DIR; };
		3B1468501DD40B5100553E95 /* BaseViewController.h */ = {isa = PBXFileReference; fileEncoding = 4; lastKnownFileType = sourcecode.c.h; path = BaseViewController.h; sourceTree = "<group>"; };
		3B1468511DD40B5100553E95 /* BaseViewController.m */ = {isa = PBXFileReference; fileEncoding = 4; lastKnownFileType = sourcecode.c.objc; path = BaseViewController.m; sourceTree = "<group>"; };
		3B1468531DD4153F00553E95 /* ListItemTableViewCell.h */ = {isa = PBXFileReference; fileEncoding = 4; lastKnownFileType = sourcecode.c.h; path = ListItemTableViewCell.h; sourceTree = "<group>"; };
		3B1468541DD4153F00553E95 /* ListItemTableViewCell.m */ = {isa = PBXFileReference; fileEncoding = 4; lastKnownFileType = sourcecode.c.objc; path = ListItemTableViewCell.m; sourceTree = "<group>"; };
		3B19B2E71DBA0B6E00881AE7 /* BusTableViewController.h */ = {isa = PBXFileReference; fileEncoding = 4; lastKnownFileType = sourcecode.c.h; path = BusTableViewController.h; sourceTree = "<group>"; };
		3B19B2E81DBA0B6E00881AE7 /* BusTableViewController.m */ = {isa = PBXFileReference; fileEncoding = 4; lastKnownFileType = sourcecode.c.objc; path = BusTableViewController.m; sourceTree = "<group>"; };
		3B19B2EA1DBA0B7D00881AE7 /* TrainTableViewController.h */ = {isa = PBXFileReference; fileEncoding = 4; lastKnownFileType = sourcecode.c.h; path = TrainTableViewController.h; sourceTree = "<group>"; };
		3B19B2EB1DBA0B7D00881AE7 /* TrainTableViewController.m */ = {isa = PBXFileReference; fileEncoding = 4; lastKnownFileType = sourcecode.c.objc; path = TrainTableViewController.m; sourceTree = "<group>"; };
		3B19B2ED1DBA0B9300881AE7 /* FlightTableViewController.h */ = {isa = PBXFileReference; fileEncoding = 4; lastKnownFileType = sourcecode.c.h; path = FlightTableViewController.h; sourceTree = "<group>"; };
		3B19B2EE1DBA0B9300881AE7 /* FlightTableViewController.m */ = {isa = PBXFileReference; fileEncoding = 4; lastKnownFileType = sourcecode.c.objc; path = FlightTableViewController.m; sourceTree = "<group>"; };
		3B29DF091DAC8523004CC517 /* APIManager.h */ = {isa = PBXFileReference; fileEncoding = 4; lastKnownFileType = sourcecode.c.h; path = APIManager.h; sourceTree = "<group>"; };
		3B29DF0A1DAC8523004CC517 /* APIManager.m */ = {isa = PBXFileReference; fileEncoding = 4; lastKnownFileType = sourcecode.c.objc; path = APIManager.m; sourceTree = "<group>"; };
		3B42427C1DAE0527008382B7 /* YSLScrollMenuView.h */ = {isa = PBXFileReference; fileEncoding = 4; lastKnownFileType = sourcecode.c.h; name = YSLScrollMenuView.h; path = GContainerViewController/YSLScrollMenuView.h; sourceTree = "<group>"; };
		3B42427D1DAE0527008382B7 /* YSLScrollMenuView.m */ = {isa = PBXFileReference; fileEncoding = 4; lastKnownFileType = sourcecode.c.objc; name = YSLScrollMenuView.m; path = GContainerViewController/YSLScrollMenuView.m; sourceTree = "<group>"; };
		3B4242811DAE05B2008382B7 /* GContainerViewController.h */ = {isa = PBXFileReference; fileEncoding = 4; lastKnownFileType = sourcecode.c.h; name = GContainerViewController.h; path = GContainerViewController/GContainerViewController.h; sourceTree = "<group>"; };
		3B4242821DAE05B2008382B7 /* GContainerViewController.m */ = {isa = PBXFileReference; fileEncoding = 4; lastKnownFileType = sourcecode.c.objc; name = GContainerViewController.m; path = GContainerViewController/GContainerViewController.m; sourceTree = "<group>"; };
		3BB1C9701D9D0E7300970966 /* goeuro.app */ = {isa = PBXFileReference; explicitFileType = wrapper.application; includeInIndex = 0; path = goeuro.app; sourceTree = BUILT_PRODUCTS_DIR; };
		3BB1C9741D9D0E7300970966 /* main.m */ = {isa = PBXFileReference; lastKnownFileType = sourcecode.c.objc; path = main.m; sourceTree = "<group>"; };
		3BB1C9761D9D0E7300970966 /* AppDelegate.h */ = {isa = PBXFileReference; lastKnownFileType = sourcecode.c.h; path = AppDelegate.h; sourceTree = "<group>"; };
		3BB1C9771D9D0E7300970966 /* AppDelegate.m */ = {isa = PBXFileReference; lastKnownFileType = sourcecode.c.objc; path = AppDelegate.m; sourceTree = "<group>"; };
		3BB1C9791D9D0E7300970966 /* ViewController.h */ = {isa = PBXFileReference; lastKnownFileType = sourcecode.c.h; path = ViewController.h; sourceTree = "<group>"; };
		3BB1C97A1D9D0E7300970966 /* ViewController.m */ = {isa = PBXFileReference; lastKnownFileType = sourcecode.c.objc; path = ViewController.m; sourceTree = "<group>"; };
		3BB1C97D1D9D0E7300970966 /* Base */ = {isa = PBXFileReference; lastKnownFileType = file.storyboard; name = Base; path = Base.lproj/Main.storyboard; sourceTree = "<group>"; };
		3BB1C9801D9D0E7300970966 /* goeuro.xcdatamodel */ = {isa = PBXFileReference; lastKnownFileType = wrapper.xcdatamodel; path = goeuro.xcdatamodel; sourceTree = "<group>"; };
		3BB1C9821D9D0E7300970966 /* Assets.xcassets */ = {isa = PBXFileReference; lastKnownFileType = folder.assetcatalog; path = Assets.xcassets; sourceTree = "<group>"; };
		3BB1C9851D9D0E7300970966 /* Base */ = {isa = PBXFileReference; lastKnownFileType = file.storyboard; name = Base; path = Base.lproj/LaunchScreen.storyboard; sourceTree = "<group>"; };
		3BB1C9871D9D0E7300970966 /* Info.plist */ = {isa = PBXFileReference; lastKnownFileType = text.plist.xml; path = Info.plist; sourceTree = "<group>"; };
		3BB1C98C1D9D0E7300970966 /* goeuroTests.xctest */ = {isa = PBXFileReference; explicitFileType = wrapper.cfbundle; includeInIndex = 0; path = goeuroTests.xctest; sourceTree = BUILT_PRODUCTS_DIR; };
		3BB1C9901D9D0E7300970966 /* goeuroTests.m */ = {isa = PBXFileReference; lastKnownFileType = sourcecode.c.objc; path = goeuroTests.m; sourceTree = "<group>"; };
		3BB1C9921D9D0E7300970966 /* Info.plist */ = {isa = PBXFileReference; lastKnownFileType = text.plist.xml; path = Info.plist; sourceTree = "<group>"; };
		3BB1C9971D9D0E7300970966 /* goeuroUITests.xctest */ = {isa = PBXFileReference; explicitFileType = wrapper.cfbundle; includeInIndex = 0; path = goeuroUITests.xctest; sourceTree = BUILT_PRODUCTS_DIR; };
		3BB1C99B1D9D0E7300970966 /* goeuroUITests.m */ = {isa = PBXFileReference; lastKnownFileType = sourcecode.c.objc; path = goeuroUITests.m; sourceTree = "<group>"; };
		3BB1C99D1D9D0E7300970966 /* Info.plist */ = {isa = PBXFileReference; lastKnownFileType = text.plist.xml; path = Info.plist; sourceTree = "<group>"; };
		3BCDEFD51DACAF2100F37CE7 /* goeuro-Prefix.pch */ = {isa = PBXFileReference; lastKnownFileType = sourcecode.c.h; path = "goeuro-Prefix.pch"; sourceTree = SOURCE_ROOT; };
		3BCDEFD71DACB19B00F37CE7 /* SystemConfiguration.framework */ = {isa = PBXFileReference; lastKnownFileType = wrapper.framework; name = SystemConfiguration.framework; path = System/Library/Frameworks/SystemConfiguration.framework; sourceTree = SDKROOT; };
		3BCDEFD91DACB1A000F37CE7 /* MobileCoreServices.framework */ = {isa = PBXFileReference; lastKnownFileType = wrapper.framework; name = MobileCoreServices.framework; path = System/Library/Frameworks/MobileCoreServices.framework; sourceTree = SDKROOT; };
		3BCDEFDD1DACB44000F37CE7 /* Constant.h */ = {isa = PBXFileReference; fileEncoding = 4; lastKnownFileType = sourcecode.c.h; name = Constant.h; path = ../Constant.h; sourceTree = "<group>"; };
		3BCDEFDE1DACB44000F37CE7 /* Constant.m */ = {isa = PBXFileReference; fileEncoding = 4; lastKnownFileType = sourcecode.c.objc; name = Constant.m; path = ../Constant.m; sourceTree = "<group>"; };
		6CEB9D5FB818E34F9C7D05E8 /* Pods-goeuro.release.xcconfig */ = {isa = PBXFileReference; includeInIndex = 1; lastKnownFileType = text.xcconfig; name = "Pods-goeuro.release.xcconfig"; path = "Pods/Target Support Files/Pods-goeuro/Pods-goeuro.release.xcconfig"; sourceTree = "<group>"; };
		71946A5E1DD5DFE60072FCA7 /* Route+CoreDataClass.h */ = {isa = PBXFileReference; fileEncoding = 4; lastKnownFileType = sourcecode.c.h; name = "Route+CoreDataClass.h"; path = "goeuro/Route+CoreDataClass.h"; sourceTree = "<group>"; };
		71946A5F1DD5DFE60072FCA7 /* Route+CoreDataClass.m */ = {isa = PBXFileReference; fileEncoding = 4; lastKnownFileType = sourcecode.c.objc; name = "Route+CoreDataClass.m"; path = "goeuro/Route+CoreDataClass.m"; sourceTree = "<group>"; };
		71946A601DD5DFE60072FCA7 /* Route+CoreDataProperties.h */ = {isa = PBXFileReference; fileEncoding = 4; lastKnownFileType = sourcecode.c.h; name = "Route+CoreDataProperties.h"; path = "goeuro/Route+CoreDataProperties.h"; sourceTree = "<group>"; };
		71946A611DD5DFE60072FCA7 /* Route+CoreDataProperties.m */ = {isa = PBXFileReference; fileEncoding = 4; lastKnownFileType = sourcecode.c.objc; name = "Route+CoreDataProperties.m"; path = "goeuro/Route+CoreDataProperties.m"; sourceTree = "<group>"; };
		71946A641DD5F37D0072FCA7 /* DemoManager.h */ = {isa = PBXFileReference; fileEncoding = 4; lastKnownFileType = sourcecode.c.h; path = DemoManager.h; sourceTree = "<group>"; };
		71946A651DD5F37D0072FCA7 /* DemoManager.m */ = {isa = PBXFileReference; fileEncoding = 4; lastKnownFileType = sourcecode.c.objc; path = DemoManager.m; sourceTree = "<group>"; };
		71946A681DD5FCFB0072FCA7 /* Trip.h */ = {isa = PBXFileReference; fileEncoding = 4; lastKnownFileType = sourcecode.c.h; path = Trip.h; sourceTree = "<group>"; };
		71946A691DD5FCFB0072FCA7 /* Trip.m */ = {isa = PBXFileReference; fileEncoding = 4; lastKnownFileType = sourcecode.c.objc; path = Trip.m; sourceTree = "<group>"; };
		71946A6B1DD61B1F0072FCA7 /* AutoCoding.h */ = {isa = PBXFileReference; fileEncoding = 4; lastKnownFileType = sourcecode.c.h; path = AutoCoding.h; sourceTree = "<group>"; };
		71946A6C1DD61B1F0072FCA7 /* AutoCoding.m */ = {isa = PBXFileReference; fileEncoding = 4; lastKnownFileType = sourcecode.c.objc; path = AutoCoding.m; sourceTree = "<group>"; };
/* End PBXFileReference section */

/* Begin PBXFrameworksBuildPhase section */
		3BB1C96D1D9D0E7200970966 /* Frameworks */ = {
			isa = PBXFrameworksBuildPhase;
			buildActionMask = 2147483647;
			files = (
				3BCDEFDA1DACB1A000F37CE7 /* MobileCoreServices.framework in Frameworks */,
				3BCDEFD81DACB19B00F37CE7 /* SystemConfiguration.framework in Frameworks */,
				918791040B46788FAE9F32D2 /* libPods-goeuro.a in Frameworks */,
			);
			runOnlyForDeploymentPostprocessing = 0;
		};
		3BB1C9891D9D0E7300970966 /* Frameworks */ = {
			isa = PBXFrameworksBuildPhase;
			buildActionMask = 2147483647;
			files = (
			);
			runOnlyForDeploymentPostprocessing = 0;
		};
		3BB1C9941D9D0E7300970966 /* Frameworks */ = {
			isa = PBXFrameworksBuildPhase;
			buildActionMask = 2147483647;
			files = (
			);
			runOnlyForDeploymentPostprocessing = 0;
		};
/* End PBXFrameworksBuildPhase section */

/* Begin PBXGroup section */
		3B29DF171DAC8DAD004CC517 /* CoreData */ = {
			isa = PBXGroup;
			children = (
				71946A5E1DD5DFE60072FCA7 /* Route+CoreDataClass.h */,
				71946A5F1DD5DFE60072FCA7 /* Route+CoreDataClass.m */,
				71946A601DD5DFE60072FCA7 /* Route+CoreDataProperties.h */,
				71946A611DD5DFE60072FCA7 /* Route+CoreDataProperties.m */,
				3BB1C97F1D9D0E7300970966 /* goeuro.xcdatamodeld */,
			);
			name = CoreData;
			sourceTree = "<group>";
		};
		3B29DF451DAC9879004CC517 /* Lib */ = {
			isa = PBXGroup;
			children = (
			);
			name = Lib;
			sourceTree = "<group>";
		};
		3B4242801DAE052D008382B7 /* GContainerViewController */ = {
			isa = PBXGroup;
			children = (
				3B42427C1DAE0527008382B7 /* YSLScrollMenuView.h */,
				3B42427D1DAE0527008382B7 /* YSLScrollMenuView.m */,
				3B4242811DAE05B2008382B7 /* GContainerViewController.h */,
				3B4242821DAE05B2008382B7 /* GContainerViewController.m */,
			);
			name = GContainerViewController;
			sourceTree = "<group>";
		};
		3BB1C9671D9D0E7200970966 = {
			isa = PBXGroup;
			children = (
				3B4242801DAE052D008382B7 /* GContainerViewController */,
				3B29DF451DAC9879004CC517 /* Lib */,
				3B29DF171DAC8DAD004CC517 /* CoreData */,
				3BB1C9721D9D0E7300970966 /* goeuro */,
				3BB1C98F1D9D0E7300970966 /* goeuroTests */,
				3BB1C99A1D9D0E7300970966 /* goeuroUITests */,
				3BB1C9711D9D0E7300970966 /* Products */,
				3BCDEFD61DACB19B00F37CE7 /* Frameworks */,
				5CDE6556160A946291BB5932 /* Pods */,
			);
			sourceTree = "<group>";
		};
		3BB1C9711D9D0E7300970966 /* Products */ = {
			isa = PBXGroup;
			children = (
				3BB1C9701D9D0E7300970966 /* goeuro.app */,
				3BB1C98C1D9D0E7300970966 /* goeuroTests.xctest */,
				3BB1C9971D9D0E7300970966 /* goeuroUITests.xctest */,
			);
			name = Products;
			sourceTree = "<group>";
		};
		3BB1C9721D9D0E7300970966 /* goeuro */ = {
			isa = PBXGroup;
			children = (
				71946A6E1DD61B2F0072FCA7 /* Categories */,
				3BB1C9761D9D0E7300970966 /* AppDelegate.h */,
				3BB1C9771D9D0E7300970966 /* AppDelegate.m */,
				3BB1C9791D9D0E7300970966 /* ViewController.h */,
				3BB1C97A1D9D0E7300970966 /* ViewController.m */,
				3BB1C97C1D9D0E7300970966 /* Main.storyboard */,
				3BB1C9821D9D0E7300970966 /* Assets.xcassets */,
				3BB1C9841D9D0E7300970966 /* LaunchScreen.storyboard */,
				3BB1C9871D9D0E7300970966 /* Info.plist */,
				3BB1C9731D9D0E7300970966 /* Supporting Files */,
				71946A671DD5F3880072FCA7 /* Manager */,
				3BCDEFDD1DACB44000F37CE7 /* Constant.h */,
				3BCDEFDE1DACB44000F37CE7 /* Constant.m */,
				3B19B2E71DBA0B6E00881AE7 /* BusTableViewController.h */,
				3B19B2E81DBA0B6E00881AE7 /* BusTableViewController.m */,
				3B19B2EA1DBA0B7D00881AE7 /* TrainTableViewController.h */,
				3B19B2EB1DBA0B7D00881AE7 /* TrainTableViewController.m */,
				3B19B2ED1DBA0B9300881AE7 /* FlightTableViewController.h */,
				3B19B2EE1DBA0B9300881AE7 /* FlightTableViewController.m */,
				3B1468501DD40B5100553E95 /* BaseViewController.h */,
				3B1468511DD40B5100553E95 /* BaseViewController.m */,
				3B1468531DD4153F00553E95 /* ListItemTableViewCell.h */,
				3B1468541DD4153F00553E95 /* ListItemTableViewCell.m */,
				71946A731DD897BA0072FCA7 /* Model */,
			);
			path = goeuro;
			sourceTree = "<group>";
		};
		3BB1C9731D9D0E7300970966 /* Supporting Files */ = {
			isa = PBXGroup;
			children = (
				3BCDEFD51DACAF2100F37CE7 /* goeuro-Prefix.pch */,
				3BB1C9741D9D0E7300970966 /* main.m */,
			);
			name = "Supporting Files";
			sourceTree = "<group>";
		};
		3BB1C98F1D9D0E7300970966 /* goeuroTests */ = {
			isa = PBXGroup;
			children = (
				3BB1C9901D9D0E7300970966 /* goeuroTests.m */,
				3BB1C9921D9D0E7300970966 /* Info.plist */,
			);
			path = goeuroTests;
			sourceTree = "<group>";
		};
		3BB1C99A1D9D0E7300970966 /* goeuroUITests */ = {
			isa = PBXGroup;
			children = (
				3BB1C99B1D9D0E7300970966 /* goeuroUITests.m */,
				3BB1C99D1D9D0E7300970966 /* Info.plist */,
			);
			path = goeuroUITests;
			sourceTree = "<group>";
		};
		3BCDEFD61DACB19B00F37CE7 /* Frameworks */ = {
			isa = PBXGroup;
			children = (
				3BCDEFD91DACB1A000F37CE7 /* MobileCoreServices.framework */,
				3BCDEFD71DACB19B00F37CE7 /* SystemConfiguration.framework */,
				20FD11A954EBEDDD703766F9 /* libPods-goeuro.a */,
			);
			name = Frameworks;
			sourceTree = "<group>";
		};
		5CDE6556160A946291BB5932 /* Pods */ = {
			isa = PBXGroup;
			children = (
				03BCBF1191432F690E3ED145 /* Pods-goeuro.debug.xcconfig */,
				6CEB9D5FB818E34F9C7D05E8 /* Pods-goeuro.release.xcconfig */,
			);
			name = Pods;
			sourceTree = "<group>";
		};
		71946A671DD5F3880072FCA7 /* Manager */ = {
			isa = PBXGroup;
			children = (
				3B29DF091DAC8523004CC517 /* APIManager.h */,
				3B29DF0A1DAC8523004CC517 /* APIManager.m */,
				71946A641DD5F37D0072FCA7 /* DemoManager.h */,
				71946A651DD5F37D0072FCA7 /* DemoManager.m */,
			);
			name = Manager;
			sourceTree = "<group>";
		};
		71946A6E1DD61B2F0072FCA7 /* Categories */ = {
			isa = PBXGroup;
			children = (
				71946A6B1DD61B1F0072FCA7 /* AutoCoding.h */,
				71946A6C1DD61B1F0072FCA7 /* AutoCoding.m */,
			);
			name = Categories;
			sourceTree = "<group>";
		};
		71946A731DD897BA0072FCA7 /* Model */ = {
			isa = PBXGroup;
			children = (
				71946A681DD5FCFB0072FCA7 /* Trip.h */,
				71946A691DD5FCFB0072FCA7 /* Trip.m */,
			);
			name = Model;
			sourceTree = "<group>";
		};
/* End PBXGroup section */

/* Begin PBXNativeTarget section */
		3BB1C96F1D9D0E7200970966 /* goeuro */ = {
			isa = PBXNativeTarget;
			buildConfigurationList = 3BB1C9A01D9D0E7300970966 /* Build configuration list for PBXNativeTarget "goeuro" */;
			buildPhases = (
				895AD02B8009683CC9D66257 /* [CP] Check Pods Manifest.lock */,
				3BB1C96C1D9D0E7200970966 /* Sources */,
				3BB1C96D1D9D0E7200970966 /* Frameworks */,
				3BB1C96E1D9D0E7200970966 /* Resources */,
				50DC42202A9FEFC6ECE20F25 /* [CP] Embed Pods Frameworks */,
				AF63E159911C41575677D3BB /* [CP] Copy Pods Resources */,
			);
			buildRules = (
			);
			dependencies = (
			);
			name = goeuro;
			productName = goeuro;
			productReference = 3BB1C9701D9D0E7300970966 /* goeuro.app */;
			productType = "com.apple.product-type.application";
		};
		3BB1C98B1D9D0E7300970966 /* goeuroTests */ = {
			isa = PBXNativeTarget;
			buildConfigurationList = 3BB1C9A31D9D0E7300970966 /* Build configuration list for PBXNativeTarget "goeuroTests" */;
			buildPhases = (
				3BB1C9881D9D0E7300970966 /* Sources */,
				3BB1C9891D9D0E7300970966 /* Frameworks */,
				3BB1C98A1D9D0E7300970966 /* Resources */,
			);
			buildRules = (
			);
			dependencies = (
				3BB1C98E1D9D0E7300970966 /* PBXTargetDependency */,
			);
			name = goeuroTests;
			productName = goeuroTests;
			productReference = 3BB1C98C1D9D0E7300970966 /* goeuroTests.xctest */;
			productType = "com.apple.product-type.bundle.unit-test";
		};
		3BB1C9961D9D0E7300970966 /* goeuroUITests */ = {
			isa = PBXNativeTarget;
			buildConfigurationList = 3BB1C9A61D9D0E7300970966 /* Build configuration list for PBXNativeTarget "goeuroUITests" */;
			buildPhases = (
				3BB1C9931D9D0E7300970966 /* Sources */,
				3BB1C9941D9D0E7300970966 /* Frameworks */,
				3BB1C9951D9D0E7300970966 /* Resources */,
			);
			buildRules = (
			);
			dependencies = (
				3BB1C9991D9D0E7300970966 /* PBXTargetDependency */,
			);
			name = goeuroUITests;
			productName = goeuroUITests;
			productReference = 3BB1C9971D9D0E7300970966 /* goeuroUITests.xctest */;
			productType = "com.apple.product-type.bundle.ui-testing";
		};
/* End PBXNativeTarget section */

/* Begin PBXProject section */
		3BB1C9681D9D0E7200970966 /* Project object */ = {
			isa = PBXProject;
			attributes = {
				LastUpgradeCheck = 0810;
				ORGANIZATIONNAME = test;
				TargetAttributes = {
					3BB1C96F1D9D0E7200970966 = {
						CreatedOnToolsVersion = 8.1;
						DevelopmentTeam = E6R76HJ8HZ;
						ProvisioningStyle = Automatic;
					};
					3BB1C98B1D9D0E7300970966 = {
						CreatedOnToolsVersion = 8.1;
						DevelopmentTeam = E6R76HJ8HZ;
						ProvisioningStyle = Automatic;
						TestTargetID = 3BB1C96F1D9D0E7200970966;
					};
					3BB1C9961D9D0E7300970966 = {
						CreatedOnToolsVersion = 8.1;
						DevelopmentTeam = E6R76HJ8HZ;
						ProvisioningStyle = Automatic;
						TestTargetID = 3BB1C96F1D9D0E7200970966;
					};
				};
			};
			buildConfigurationList = 3BB1C96B1D9D0E7200970966 /* Build configuration list for PBXProject "goeuro" */;
			compatibilityVersion = "Xcode 3.2";
			developmentRegion = English;
			hasScannedForEncodings = 0;
			knownRegions = (
				en,
				Base,
			);
			mainGroup = 3BB1C9671D9D0E7200970966;
			productRefGroup = 3BB1C9711D9D0E7300970966 /* Products */;
			projectDirPath = "";
			projectRoot = "";
			targets = (
				3BB1C96F1D9D0E7200970966 /* goeuro */,
				3BB1C98B1D9D0E7300970966 /* goeuroTests */,
				3BB1C9961D9D0E7300970966 /* goeuroUITests */,
			);
		};
/* End PBXProject section */

/* Begin PBXResourcesBuildPhase section */
		3BB1C96E1D9D0E7200970966 /* Resources */ = {
			isa = PBXResourcesBuildPhase;
			buildActionMask = 2147483647;
			files = (
				3BB1C9861D9D0E7300970966 /* LaunchScreen.storyboard in Resources */,
				3BB1C9831D9D0E7300970966 /* Assets.xcassets in Resources */,
				3BB1C97E1D9D0E7300970966 /* Main.storyboard in Resources */,
			);
			runOnlyForDeploymentPostprocessing = 0;
		};
		3BB1C98A1D9D0E7300970966 /* Resources */ = {
			isa = PBXResourcesBuildPhase;
			buildActionMask = 2147483647;
			files = (
			);
			runOnlyForDeploymentPostprocessing = 0;
		};
		3BB1C9951D9D0E7300970966 /* Resources */ = {
			isa = PBXResourcesBuildPhase;
			buildActionMask = 2147483647;
			files = (
			);
			runOnlyForDeploymentPostprocessing = 0;
		};
/* End PBXResourcesBuildPhase section */

/* Begin PBXShellScriptBuildPhase section */
		50DC42202A9FEFC6ECE20F25 /* [CP] Embed Pods Frameworks */ = {
			isa = PBXShellScriptBuildPhase;
			buildActionMask = 2147483647;
			files = (
			);
			inputPaths = (
			);
			name = "[CP] Embed Pods Frameworks";
			outputPaths = (
			);
			runOnlyForDeploymentPostprocessing = 0;
			shellPath = /bin/sh;
			shellScript = "\"${SRCROOT}/Pods/Target Support Files/Pods-goeuro/Pods-goeuro-frameworks.sh\"\n";
			showEnvVarsInLog = 0;
		};
		895AD02B8009683CC9D66257 /* [CP] Check Pods Manifest.lock */ = {
			isa = PBXShellScriptBuildPhase;
			buildActionMask = 2147483647;
			files = (
			);
			inputPaths = (
			);
			name = "[CP] Check Pods Manifest.lock";
			outputPaths = (
			);
			runOnlyForDeploymentPostprocessing = 0;
			shellPath = /bin/sh;
			shellScript = "diff \"${PODS_ROOT}/../Podfile.lock\" \"${PODS_ROOT}/Manifest.lock\" > /dev/null\nif [ $? != 0 ] ; then\n    # print error to STDERR\n    echo \"error: The sandbox is not in sync with the Podfile.lock. Run 'pod install' or update your CocoaPods installation.\" >&2\n    exit 1\nfi\n";
			showEnvVarsInLog = 0;
		};
		AF63E159911C41575677D3BB /* [CP] Copy Pods Resources */ = {
			isa = PBXShellScriptBuildPhase;
			buildActionMask = 2147483647;
			files = (
			);
			inputPaths = (
			);
			name = "[CP] Copy Pods Resources";
			outputPaths = (
			);
			runOnlyForDeploymentPostprocessing = 0;
			shellPath = /bin/sh;
			shellScript = "\"${SRCROOT}/Pods/Target Support Files/Pods-goeuro/Pods-goeuro-resources.sh\"\n";
			showEnvVarsInLog = 0;
		};
/* End PBXShellScriptBuildPhase section */

/* Begin PBXSourcesBuildPhase section */
		3BB1C96C1D9D0E7200970966 /* Sources */ = {
			isa = PBXSourcesBuildPhase;
			buildActionMask = 2147483647;
			files = (
				3BB1C9811D9D0E7300970966 /* goeuro.xcdatamodeld in Sources */,
				3B1468551DD4153F00553E95 /* ListItemTableViewCell.m in Sources */,
				3B19B2E91DBA0B6E00881AE7 /* BusTableViewController.m in Sources */,
				71946A621DD5DFE60072FCA7 /* Route+CoreDataClass.m in Sources */,
				3B19B2EC1DBA0B7D00881AE7 /* TrainTableViewController.m in Sources */,
				3B1468521DD40B5100553E95 /* BaseViewController.m in Sources */,
				3BCDEFDF1DACB44000F37CE7 /* Constant.m in Sources */,
				71946A631DD5DFE60072FCA7 /* Route+CoreDataProperties.m in Sources */,
				71946A6A1DD5FCFB0072FCA7 /* Trip.m in Sources */,
				71946A661DD5F37D0072FCA7 /* DemoManager.m in Sources */,
				3BB1C97B1D9D0E7300970966 /* ViewController.m in Sources */,
				3B4242831DAE05B2008382B7 /* GContainerViewController.m in Sources */,
				3BB1C9781D9D0E7300970966 /* AppDelegate.m in Sources */,
				3BB1C9751D9D0E7300970966 /* main.m in Sources */,
				71946A6D1DD61B1F0072FCA7 /* AutoCoding.m in Sources */,
				3B42427F1DAE0527008382B7 /* YSLScrollMenuView.m in Sources */,
				3B19B2EF1DBA0B9300881AE7 /* FlightTableViewController.m in Sources */,
				3B29DF0B1DAC8523004CC517 /* APIManager.m in Sources */,
			);
			runOnlyForDeploymentPostprocessing = 0;
		};
		3BB1C9881D9D0E7300970966 /* Sources */ = {
			isa = PBXSourcesBuildPhase;
			buildActionMask = 2147483647;
			files = (
				3BB1C9911D9D0E7300970966 /* goeuroTests.m in Sources */,
			);
			runOnlyForDeploymentPostprocessing = 0;
		};
		3BB1C9931D9D0E7300970966 /* Sources */ = {
			isa = PBXSourcesBuildPhase;
			buildActionMask = 2147483647;
			files = (
				3BB1C99C1D9D0E7300970966 /* goeuroUITests.m in Sources */,
			);
			runOnlyForDeploymentPostprocessing = 0;
		};
/* End PBXSourcesBuildPhase section */

/* Begin PBXTargetDependency section */
		3BB1C98E1D9D0E7300970966 /* PBXTargetDependency */ = {
			isa = PBXTargetDependency;
			target = 3BB1C96F1D9D0E7200970966 /* goeuro */;
			targetProxy = 3BB1C98D1D9D0E7300970966 /* PBXContainerItemProxy */;
		};
		3BB1C9991D9D0E7300970966 /* PBXTargetDependency */ = {
			isa = PBXTargetDependency;
			target = 3BB1C96F1D9D0E7200970966 /* goeuro */;
			targetProxy = 3BB1C9981D9D0E7300970966 /* PBXContainerItemProxy */;
		};
/* End PBXTargetDependency section */

/* Begin PBXVariantGroup section */
		3BB1C97C1D9D0E7300970966 /* Main.storyboard */ = {
			isa = PBXVariantGroup;
			children = (
				3BB1C97D1D9D0E7300970966 /* Base */,
			);
			name = Main.storyboard;
			sourceTree = "<group>";
		};
		3BB1C9841D9D0E7300970966 /* LaunchScreen.storyboard */ = {
			isa = PBXVariantGroup;
			children = (
				3BB1C9851D9D0E7300970966 /* Base */,
			);
			name = LaunchScreen.storyboard;
			sourceTree = "<group>";
		};
/* End PBXVariantGroup section */

/* Begin XCBuildConfiguration section */
		3BB1C99E1D9D0E7300970966 /* Debug */ = {
			isa = XCBuildConfiguration;
			buildSettings = {
				ALWAYS_SEARCH_USER_PATHS = NO;
				CLANG_ANALYZER_NONNULL = YES;
				CLANG_CXX_LANGUAGE_STANDARD = "gnu++0x";
				CLANG_CXX_LIBRARY = "libc++";
				CLANG_ENABLE_MODULES = YES;
				CLANG_ENABLE_OBJC_ARC = YES;
				CLANG_WARN_BOOL_CONVERSION = YES;
				CLANG_WARN_CONSTANT_CONVERSION = YES;
				CLANG_WARN_DIRECT_OBJC_ISA_USAGE = YES_ERROR;
				CLANG_WARN_DOCUMENTATION_COMMENTS = YES;
				CLANG_WARN_EMPTY_BODY = YES;
				CLANG_WARN_ENUM_CONVERSION = YES;
				CLANG_WARN_INFINITE_RECURSION = YES;
				CLANG_WARN_INT_CONVERSION = YES;
				CLANG_WARN_OBJC_ROOT_CLASS = YES_ERROR;
				CLANG_WARN_SUSPICIOUS_MOVES = YES;
				CLANG_WARN_UNREACHABLE_CODE = YES;
				CLANG_WARN__DUPLICATE_METHOD_MATCH = YES;
				"CODE_SIGN_IDENTITY[sdk=iphoneos*]" = "iPhone Developer";
				COPY_PHASE_STRIP = NO;
				DEBUG_INFORMATION_FORMAT = dwarf;
				ENABLE_STRICT_OBJC_MSGSEND = YES;
				ENABLE_TESTABILITY = YES;
				GCC_C_LANGUAGE_STANDARD = gnu99;
				GCC_DYNAMIC_NO_PIC = NO;
				GCC_NO_COMMON_BLOCKS = YES;
				GCC_OPTIMIZATION_LEVEL = 0;
				GCC_PREPROCESSOR_DEFINITIONS = (
					"DEBUG=1",
					"$(inherited)",
				);
				GCC_WARN_64_TO_32_BIT_CONVERSION = YES;
				GCC_WARN_ABOUT_RETURN_TYPE = YES_ERROR;
				GCC_WARN_UNDECLARED_SELECTOR = YES;
				GCC_WARN_UNINITIALIZED_AUTOS = YES_AGGRESSIVE;
				GCC_WARN_UNUSED_FUNCTION = YES;
				GCC_WARN_UNUSED_VARIABLE = YES;
				IPHONEOS_DEPLOYMENT_TARGET = 10.1;
				MTL_ENABLE_DEBUG_INFO = YES;
				ONLY_ACTIVE_ARCH = YES;
				SDKROOT = iphoneos;
				TARGETED_DEVICE_FAMILY = "1,2";
			};
			name = Debug;
		};
		3BB1C99F1D9D0E7300970966 /* Release */ = {
			isa = XCBuildConfiguration;
			buildSettings = {
				ALWAYS_SEARCH_USER_PATHS = NO;
				CLANG_ANALYZER_NONNULL = YES;
				CLANG_CXX_LANGUAGE_STANDARD = "gnu++0x";
				CLANG_CXX_LIBRARY = "libc++";
				CLANG_ENABLE_MODULES = YES;
				CLANG_ENABLE_OBJC_ARC = YES;
				CLANG_WARN_BOOL_CONVERSION = YES;
				CLANG_WARN_CONSTANT_CONVERSION = YES;
				CLANG_WARN_DIRECT_OBJC_ISA_USAGE = YES_ERROR;
				CLANG_WARN_DOCUMENTATION_COMMENTS = YES;
				CLANG_WARN_EMPTY_BODY = YES;
				CLANG_WARN_ENUM_CONVERSION = YES;
				CLANG_WARN_INFINITE_RECURSION = YES;
				CLANG_WARN_INT_CONVERSION = YES;
				CLANG_WARN_OBJC_ROOT_CLASS = YES_ERROR;
				CLANG_WARN_SUSPICIOUS_MOVES = YES;
				CLANG_WARN_UNREACHABLE_CODE = YES;
				CLANG_WARN__DUPLICATE_METHOD_MATCH = YES;
				"CODE_SIGN_IDENTITY[sdk=iphoneos*]" = "iPhone Developer";
				COPY_PHASE_STRIP = NO;
				DEBUG_INFORMATION_FORMAT = "dwarf-with-dsym";
				ENABLE_NS_ASSERTIONS = NO;
				ENABLE_STRICT_OBJC_MSGSEND = YES;
				GCC_C_LANGUAGE_STANDARD = gnu99;
				GCC_NO_COMMON_BLOCKS = YES;
				GCC_WARN_64_TO_32_BIT_CONVERSION = YES;
				GCC_WARN_ABOUT_RETURN_TYPE = YES_ERROR;
				GCC_WARN_UNDECLARED_SELECTOR = YES;
				GCC_WARN_UNINITIALIZED_AUTOS = YES_AGGRESSIVE;
				GCC_WARN_UNUSED_FUNCTION = YES;
				GCC_WARN_UNUSED_VARIABLE = YES;
				IPHONEOS_DEPLOYMENT_TARGET = 10.1;
				MTL_ENABLE_DEBUG_INFO = NO;
				SDKROOT = iphoneos;
				TARGETED_DEVICE_FAMILY = "1,2";
				VALIDATE_PRODUCT = YES;
			};
			name = Release;
		};
		3BB1C9A11D9D0E7300970966 /* Debug */ = {
			isa = XCBuildConfiguration;
			baseConfigurationReference = 03BCBF1191432F690E3ED145 /* Pods-goeuro.debug.xcconfig */;
			buildSettings = {
				ASSETCATALOG_COMPILER_APPICON_NAME = AppIcon;
				DEVELOPMENT_TEAM = E6R76HJ8HZ;
				GCC_PRECOMPILE_PREFIX_HEADER = YES;
				GCC_PREFIX_HEADER = "goeuro-Prefix.pch";
				INFOPLIST_FILE = goeuro/Info.plist;
				IPHONEOS_DEPLOYMENT_TARGET = 9.0;
				LD_RUNPATH_SEARCH_PATHS = "$(inherited) @executable_path/Frameworks";
				PRODUCT_BUNDLE_IDENTIFIER = com.test.goeuro;
				PRODUCT_NAME = "$(TARGET_NAME)";
				TARGETED_DEVICE_FAMILY = 1;
			};
			name = Debug;
		};
		3BB1C9A21D9D0E7300970966 /* Release */ = {
			isa = XCBuildConfiguration;
			baseConfigurationReference = 6CEB9D5FB818E34F9C7D05E8 /* Pods-goeuro.release.xcconfig */;
			buildSettings = {
				ASSETCATALOG_COMPILER_APPICON_NAME = AppIcon;
				DEVELOPMENT_TEAM = E6R76HJ8HZ;
				GCC_PRECOMPILE_PREFIX_HEADER = YES;
				GCC_PREFIX_HEADER = "goeuro-Prefix.pch";
				INFOPLIST_FILE = goeuro/Info.plist;
				IPHONEOS_DEPLOYMENT_TARGET = 9.0;
				LD_RUNPATH_SEARCH_PATHS = "$(inherited) @executable_path/Frameworks";
				PRODUCT_BUNDLE_IDENTIFIER = com.test.goeuro;
				PRODUCT_NAME = "$(TARGET_NAME)";
				TARGETED_DEVICE_FAMILY = 1;
			};
			name = Release;
		};
		3BB1C9A41D9D0E7300970966 /* Debug */ = {
			isa = XCBuildConfiguration;
			buildSettings = {
				BUNDLE_LOADER = "$(TEST_HOST)";
				DEVELOPMENT_TEAM = E6R76HJ8HZ;
				INFOPLIST_FILE = goeuroTests/Info.plist;
				LD_RUNPATH_SEARCH_PATHS = "$(inherited) @executable_path/Frameworks @loader_path/Frameworks";
				PRODUCT_BUNDLE_IDENTIFIER = com.test.goeuroTests;
				PRODUCT_NAME = "$(TARGET_NAME)";
				TEST_HOST = "$(BUILT_PRODUCTS_DIR)/goeuro.app/goeuro";
			};
			name = Debug;
		};
		3BB1C9A51D9D0E7300970966 /* Release */ = {
			isa = XCBuildConfiguration;
			buildSettings = {
				BUNDLE_LOADER = "$(TEST_HOST)";
				DEVELOPMENT_TEAM = E6R76HJ8HZ;
				INFOPLIST_FILE = goeuroTests/Info.plist;
				LD_RUNPATH_SEARCH_PATHS = "$(inherited) @executable_path/Frameworks @loader_path/Frameworks";
				PRODUCT_BUNDLE_IDENTIFIER = com.test.goeuroTests;
				PRODUCT_NAME = "$(TARGET_NAME)";
				TEST_HOST = "$(BUILT_PRODUCTS_DIR)/goeuro.app/goeuro";
			};
			name = Release;
		};
		3BB1C9A71D9D0E7300970966 /* Debug */ = {
			isa = XCBuildConfiguration;
			buildSettings = {
				DEVELOPMENT_TEAM = E6R76HJ8HZ;
				INFOPLIST_FILE = goeuroUITests/Info.plist;
				LD_RUNPATH_SEARCH_PATHS = "$(inherited) @executable_path/Frameworks @loader_path/Frameworks";
				PRODUCT_BUNDLE_IDENTIFIER = com.test.goeuroUITests;
				PRODUCT_NAME = "$(TARGET_NAME)";
				TEST_TARGET_NAME = goeuro;
			};
			name = Debug;
		};
		3BB1C9A81D9D0E7300970966 /* Release */ = {
			isa = XCBuildConfiguration;
			buildSettings = {
				DEVELOPMENT_TEAM = E6R76HJ8HZ;
				INFOPLIST_FILE = goeuroUITests/Info.plist;
				LD_RUNPATH_SEARCH_PATHS = "$(inherited) @executable_path/Frameworks @loader_path/Frameworks";
				PRODUCT_BUNDLE_IDENTIFIER = com.test.goeuroUITests;
				PRODUCT_NAME = "$(TARGET_NAME)";
				TEST_TARGET_NAME = goeuro;
			};
			name = Release;
		};
/* End XCBuildConfiguration section */

/* Begin XCConfigurationList section */
		3BB1C96B1D9D0E7200970966 /* Build configuration list for PBXProject "goeuro" */ = {
			isa = XCConfigurationList;
			buildConfigurations = (
				3BB1C99E1D9D0E7300970966 /* Debug */,
				3BB1C99F1D9D0E7300970966 /* Release */,
			);
			defaultConfigurationIsVisible = 0;
			defaultConfigurationName = Release;
		};
		3BB1C9A01D9D0E7300970966 /* Build configuration list for PBXNativeTarget "goeuro" */ = {
			isa = XCConfigurationList;
			buildConfigurations = (
				3BB1C9A11D9D0E7300970966 /* Debug */,
				3BB1C9A21D9D0E7300970966 /* Release */,
			);
			defaultConfigurationIsVisible = 0;
			defaultConfigurationName = Release;
		};
		3BB1C9A31D9D0E7300970966 /* Build configuration list for PBXNativeTarget "goeuroTests" */ = {
			isa = XCConfigurationList;
			buildConfigurations = (
				3BB1C9A41D9D0E7300970966 /* Debug */,
				3BB1C9A51D9D0E7300970966 /* Release */,
			);
			defaultConfigurationIsVisible = 0;
			defaultConfigurationName = Release;
		};
		3BB1C9A61D9D0E7300970966 /* Build configuration list for PBXNativeTarget "goeuroUITests" */ = {
			isa = XCConfigurationList;
			buildConfigurations = (
				3BB1C9A71D9D0E7300970966 /* Debug */,
				3BB1C9A81D9D0E7300970966 /* Release */,
			);
			defaultConfigurationIsVisible = 0;
			defaultConfigurationName = Release;
		};
/* End XCConfigurationList section */

/* Begin XCVersionGroup section */
		3BB1C97F1D9D0E7300970966 /* goeuro.xcdatamodeld */ = {
			isa = XCVersionGroup;
			children = (
				3BB1C9801D9D0E7300970966 /* goeuro.xcdatamodel */,
			);
			currentVersion = 3BB1C9801D9D0E7300970966 /* goeuro.xcdatamodel */;
			name = goeuro.xcdatamodeld;
			path = goeuro/goeuro.xcdatamodeld;
			sourceTree = "<group>";
			versionGroupType = wrapper.xcdatamodel;
		};
/* End XCVersionGroup section */
	};
	rootObject = 3BB1C9681D9D0E7200970966 /* Project object */;
}
